<Solution>
  <Project Path="src/JorgeCostaMacia.Http/JorgeCostaMacia.Http.csproj" />
  <Project Path="src/JorgeCostaMacia.Http.Exception/JorgeCostaMacia.Http.Exception.csproj" />
  <Project Path="src/JorgeCostaMacia.Http.Exception.Serilog/JorgeCostaMacia.Http.Exception.Serilog.csproj" />
  <Project Path="src/JorgeCostaMacia.Http.MinimalApi.Versioning/JorgeCostaMacia.Http.MinimalApi.Versioning.csproj" />
  <Project Path="test/JorgeCostaMacia.Http.Tests/JorgeCostaMacia.Http.Tests.csproj" />
</Solution>
